// !$*UTF8*$!
{
	archiveVersion = 1;
	classes = {
	};
	objectVersion = 56;
	objects = {

/* Begin PBXBuildFile section */
		A2CED1F62C087E030092C050 /* TrafficFactoryApp.swift in Sources */ = {isa = PBXBuildFile; fileRef = A2CED1F52C087E030092C050 /* TrafficFactoryApp.swift */; };
		A2CED1F82C087E030092C050 /* TestView.swift in Sources */ = {isa = PBXBuildFile; fileRef = A2CED1F72C087E030092C050 /* TestView.swift */; };
		A2CED1FA2C087E050092C050 /* Assets.xcassets in Resources */ = {isa = PBXBuildFile; fileRef = A2CED1F92C087E050092C050 /* Assets.xcassets */; };
		A2CED1FD2C087E050092C050 /* Preview Assets.xcassets in Resources */ = {isa = PBXBuildFile; fileRef = A2CED1FC2C087E050092C050 /* Preview Assets.xcassets */; };
		A2CED2082C0882AB0092C050 /* TestViewModel.swift in Sources */ = {isa = PBXBuildFile; fileRef = A2CED2072C0882AB0092C050 /* TestViewModel.swift */; };
		A2CED20C2C0883140092C050 /* ObjectsLoader.swift in Sources */ = {isa = PBXBuildFile; fileRef = A2CED20B2C0883140092C050 /* ObjectsLoader.swift */; };
		A2CED20E2C08841C0092C050 /* LoadingState.swift in Sources */ = {isa = PBXBuildFile; fileRef = A2CED20D2C08841C0092C050 /* LoadingState.swift */; };
		A2CED2112C0885D40092C050 /* ResponseModel.swift in Sources */ = {isa = PBXBuildFile; fileRef = A2CED2102C0885D40092C050 /* ResponseModel.swift */; };
		A2CED2142C0896000092C050 /* View+AspectRatio.swift in Sources */ = {isa = PBXBuildFile; fileRef = A2CED2132C0896000092C050 /* View+AspectRatio.swift */; };
		A2CED2162C08D3EE0092C050 /* ObjectModel.swift in Sources */ = {isa = PBXBuildFile; fileRef = A2CED2152C08D3EE0092C050 /* ObjectModel.swift */; };
		A2CED2182C091D660092C050 /* CellView.swift in Sources */ = {isa = PBXBuildFile; fileRef = A2CED2172C091D660092C050 /* CellView.swift */; };
		A2CED21A2C091EA30092C050 /* ImagesLoader.swift in Sources */ = {isa = PBXBuildFile; fileRef = A2CED2192C091EA30092C050 /* ImagesLoader.swift */; };
		A2CED21C2C09CDE50092C050 /* Cacher.swift in Sources */ = {isa = PBXBuildFile; fileRef = A2CED21B2C09CDE50092C050 /* Cacher.swift */; };
		A2CED21E2C09D3390092C050 /* CachedImage.swift in Sources */ = {isa = PBXBuildFile; fileRef = A2CED21D2C09D3390092C050 /* CachedImage.swift */; };
/* End PBXBuildFile section */

/* Begin PBXFileReference section */
		A2CED1F22C087E030092C050 /* TrafficFactory.app */ = {isa = PBXFileReference; explicitFileType = wrapper.application; includeInIndex = 0; path = TrafficFactory.app; sourceTree = BUILT_PRODUCTS_DIR; };
		A2CED1F52C087E030092C050 /* TrafficFactoryApp.swift */ = {isa = PBXFileReference; lastKnownFileType = sourcecode.swift; path = TrafficFactoryApp.swift; sourceTree = "<group>"; };
		A2CED1F72C087E030092C050 /* TestView.swift */ = {isa = PBXFileReference; lastKnownFileType = sourcecode.swift; path = TestView.swift; sourceTree = "<group>"; };
		A2CED1F92C087E050092C050 /* Assets.xcassets */ = {isa = PBXFileReference; lastKnownFileType = folder.assetcatalog; path = Assets.xcassets; sourceTree = "<group>"; };
		A2CED1FC2C087E050092C050 /* Preview Assets.xcassets */ = {isa = PBXFileReference; lastKnownFileType = folder.assetcatalog; path = "Preview Assets.xcassets"; sourceTree = "<group>"; };
		A2CED2072C0882AB0092C050 /* TestViewModel.swift */ = {isa = PBXFileReference; lastKnownFileType = sourcecode.swift; path = TestViewModel.swift; sourceTree = "<group>"; };
		A2CED20B2C0883140092C050 /* ObjectsLoader.swift */ = {isa = PBXFileReference; lastKnownFileType = sourcecode.swift; path = ObjectsLoader.swift; sourceTree = "<group>"; };
		A2CED20D2C08841C0092C050 /* LoadingState.swift */ = {isa = PBXFileReference; lastKnownFileType = sourcecode.swift; path = LoadingState.swift; sourceTree = "<group>"; };
		A2CED2102C0885D40092C050 /* ResponseModel.swift */ = {isa = PBXFileReference; lastKnownFileType = sourcecode.swift; path = ResponseModel.swift; sourceTree = "<group>"; };
		A2CED2132C0896000092C050 /* View+AspectRatio.swift */ = {isa = PBXFileReference; lastKnownFileType = sourcecode.swift; path = "View+AspectRatio.swift"; sourceTree = "<group>"; };
		A2CED2152C08D3EE0092C050 /* ObjectModel.swift */ = {isa = PBXFileReference; lastKnownFileType = sourcecode.swift; path = ObjectModel.swift; sourceTree = "<group>"; };
		A2CED2172C091D660092C050 /* CellView.swift */ = {isa = PBXFileReference; lastKnownFileType = sourcecode.swift; path = CellView.swift; sourceTree = "<group>"; };
		A2CED2192C091EA30092C050 /* ImagesLoader.swift */ = {isa = PBXFileReference; lastKnownFileType = sourcecode.swift; path = ImagesLoader.swift; sourceTree = "<group>"; };
		A2CED21B2C09CDE50092C050 /* Cacher.swift */ = {isa = PBXFileReference; lastKnownFileType = sourcecode.swift; path = Cacher.swift; sourceTree = "<group>"; };
		A2CED21D2C09D3390092C050 /* CachedImage.swift */ = {isa = PBXFileReference; lastKnownFileType = sourcecode.swift; path = CachedImage.swift; sourceTree = "<group>"; };
/* End PBXFileReference section */

/* Begin PBXFrameworksBuildPhase section */
		A2CED1EF2C087E030092C050 /* Frameworks */ = {
			isa = PBXFrameworksBuildPhase;
			buildActionMask = 2147483647;
			files = (
			);
			runOnlyForDeploymentPostprocessing = 0;
		};
/* End PBXFrameworksBuildPhase section */

/* Begin PBXGroup section */
		A2CED1E92C087E030092C050 = {
			isa = PBXGroup;
			children = (
				A2CED1F42C087E030092C050 /* TrafficFactory */,
				A2CED1F32C087E030092C050 /* Products */,
			);
			sourceTree = "<group>";
		};
		A2CED1F32C087E030092C050 /* Products */ = {
			isa = PBXGroup;
			children = (
				A2CED1F22C087E030092C050 /* TrafficFactory.app */,
			);
			name = Products;
			sourceTree = "<group>";
		};
		A2CED1F42C087E030092C050 /* TrafficFactory */ = {
			isa = PBXGroup;
			children = (
				A2CED2032C08815E0092C050 /* App */,
				A2CED2042C08816C0092C050 /* BusinessLogic */,
				A2CED2052C0881830092C050 /* Presentation */,
				A2CED2122C0895CC0092C050 /* Extensions */,
				A2CED20F2C0884200092C050 /* Helpers */,
				A2CED2062C0881E20092C050 /* Resources */,
				A2CED1FB2C087E050092C050 /* Preview Content */,
			);
			path = TrafficFactory;
			sourceTree = "<group>";
		};
		A2CED1FB2C087E050092C050 /* Preview Content */ = {
			isa = PBXGroup;
			children = (
				A2CED1FC2C087E050092C050 /* Preview Assets.xcassets */,
			);
			path = "Preview Content";
			sourceTree = "<group>";
		};
		A2CED2032C08815E0092C050 /* App */ = {
			isa = PBXGroup;
			children = (
				A2CED1F52C087E030092C050 /* TrafficFactoryApp.swift */,
			);
			path = App;
			sourceTree = "<group>";
		};
		A2CED2042C08816C0092C050 /* BusinessLogic */ = {
			isa = PBXGroup;
			children = (
				A2CED20A2C0882FA0092C050 /* Services */,
				A2CED2092C0882EF0092C050 /* Models */,
			);
			path = BusinessLogic;
			sourceTree = "<group>";
		};
		A2CED2052C0881830092C050 /* Presentation */ = {
			isa = PBXGroup;
			children = (
				A2CED1F72C087E030092C050 /* TestView.swift */,
				A2CED2072C0882AB0092C050 /* TestViewModel.swift */,
				A2CED2172C091D660092C050 /* CellView.swift */,
			);
			path = Presentation;
			sourceTree = "<group>";
		};
		A2CED2062C0881E20092C050 /* Resources */ = {
			isa = PBXGroup;
			children = (
				A2CED1F92C087E050092C050 /* Assets.xcassets */,
			);
			path = Resources;
			sourceTree = "<group>";
		};
		A2CED2092C0882EF0092C050 /* Models */ = {
			isa = PBXGroup;
			children = (
				A2CED2102C0885D40092C050 /* ResponseModel.swift */,
				A2CED2152C08D3EE0092C050 /* ObjectModel.swift */,
				A2CED21D2C09D3390092C050 /* CachedImage.swift */,
			);
			path = Models;
			sourceTree = "<group>";
		};
		A2CED20A2C0882FA0092C050 /* Services */ = {
			isa = PBXGroup;
			children = (
				A2CED20B2C0883140092C050 /* ObjectsLoader.swift */,
				A2CED2192C091EA30092C050 /* ImagesLoader.swift */,
				A2CED21B2C09CDE50092C050 /* Cacher.swift */,
			);
			path = Services;
			sourceTree = "<group>";
		};
		A2CED20F2C0884200092C050 /* Helpers */ = {
			isa = PBXGroup;
			children = (
				A2CED20D2C08841C0092C050 /* LoadingState.swift */,
			);
			path = Helpers;
			sourceTree = "<group>";
		};
		A2CED2122C0895CC0092C050 /* Extensions */ = {
			isa = PBXGroup;
			children = (
				A2CED2132C0896000092C050 /* View+AspectRatio.swift */,
			);
			path = Extensions;
			sourceTree = "<group>";
		};
/* End PBXGroup section */

/* Begin PBXNativeTarget section */
		A2CED1F12C087E030092C050 /* TrafficFactory */ = {
			isa = PBXNativeTarget;
			buildConfigurationList = A2CED2002C087E050092C050 /* Build configuration list for PBXNativeTarget "TrafficFactory" */;
			buildPhases = (
				A2CED1EE2C087E030092C050 /* Sources */,
				A2CED1EF2C087E030092C050 /* Frameworks */,
				A2CED1F02C087E030092C050 /* Resources */,
			);
			buildRules = (
			);
			dependencies = (
			);
			name = TrafficFactory;
			productName = TrafficFactory;
			productReference = A2CED1F22C087E030092C050 /* TrafficFactory.app */;
			productType = "com.apple.product-type.application";
		};
/* End PBXNativeTarget section */

/* Begin PBXProject section */
		A2CED1EA2C087E030092C050 /* Project object */ = {
			isa = PBXProject;
			attributes = {
				BuildIndependentTargetsInParallel = 1;
				LastSwiftUpdateCheck = 1410;
				LastUpgradeCheck = 1410;
				TargetAttributes = {
					A2CED1F12C087E030092C050 = {
						CreatedOnToolsVersion = 14.1;
					};
				};
			};
			buildConfigurationList = A2CED1ED2C087E030092C050 /* Build configuration list for PBXProject "TrafficFactory" */;
			compatibilityVersion = "Xcode 14.0";
			developmentRegion = en;
			hasScannedForEncodings = 0;
			knownRegions = (
				en,
				Base,
			);
			mainGroup = A2CED1E92C087E030092C050;
			productRefGroup = A2CED1F32C087E030092C050 /* Products */;
			projectDirPath = "";
			projectRoot = "";
			targets = (
				A2CED1F12C087E030092C050 /* TrafficFactory */,
			);
		};
/* End PBXProject section */

/* Begin PBXResourcesBuildPhase section */
		A2CED1F02C087E030092C050 /* Resources */ = {
			isa = PBXResourcesBuildPhase;
			buildActionMask = 2147483647;
			files = (
				A2CED1FD2C087E050092C050 /* Preview Assets.xcassets in Resources */,
				A2CED1FA2C087E050092C050 /* Assets.xcassets in Resources */,
			);
			runOnlyForDeploymentPostprocessing = 0;
		};
/* End PBXResourcesBuildPhase section */

/* Begin PBXSourcesBuildPhase section */
		A2CED1EE2C087E030092C050 /* Sources */ = {
			isa = PBXSourcesBuildPhase;
			buildActionMask = 2147483647;
			files = (
				A2CED2082C0882AB0092C050 /* TestViewModel.swift in Sources */,
				A2CED1F82C087E030092C050 /* TestView.swift in Sources */,
				A2CED20E2C08841C0092C050 /* LoadingState.swift in Sources */,
				A2CED2142C0896000092C050 /* View+AspectRatio.swift in Sources */,
				A2CED20C2C0883140092C050 /* ObjectsLoader.swift in Sources */,
				A2CED21C2C09CDE50092C050 /* Cacher.swift in Sources */,
				A2CED2112C0885D40092C050 /* ResponseModel.swift in Sources */,
				A2CED21A2C091EA30092C050 /* ImagesLoader.swift in Sources */,
				A2CED1F62C087E030092C050 /* TrafficFactoryApp.swift in Sources */,
				A2CED2162C08D3EE0092C050 /* ObjectModel.swift in Sources */,
				A2CED2182C091D660092C050 /* CellView.swift in Sources */,
				A2CED21E2C09D3390092C050 /* CachedImage.swift in Sources */,
			);
			runOnlyForDeploymentPostprocessing = 0;
		};
/* End PBXSourcesBuildPhase section */

/* Begin XCBuildConfiguration section */
		A2CED1FE2C087E050092C050 /* Debug */ = {
			isa = XCBuildConfiguration;
			buildSettings = {
				ALWAYS_SEARCH_USER_PATHS = NO;
				CLANG_ANALYZER_NONNULL = YES;
				CLANG_ANALYZER_NUMBER_OBJECT_CONVERSION = YES_AGGRESSIVE;
				CLANG_CXX_LANGUAGE_STANDARD = "gnu++20";
				CLANG_ENABLE_MODULES = YES;
				CLANG_ENABLE_OBJC_ARC = YES;
				CLANG_ENABLE_OBJC_WEAK = YES;
				CLANG_WARN_BLOCK_CAPTURE_AUTORELEASING = YES;
				CLANG_WARN_BOOL_CONVERSION = YES;
				CLANG_WARN_COMMA = YES;
				CLANG_WARN_CONSTANT_CONVERSION = YES;
				CLANG_WARN_DEPRECATED_OBJC_IMPLEMENTATIONS = YES;
				CLANG_WARN_DIRECT_OBJC_ISA_USAGE = YES_ERROR;
				CLANG_WARN_DOCUMENTATION_COMMENTS = YES;
				CLANG_WARN_EMPTY_BODY = YES;
				CLANG_WARN_ENUM_CONVERSION = YES;
				CLANG_WARN_INFINITE_RECURSION = YES;
				CLANG_WARN_INT_CONVERSION = YES;
				CLANG_WARN_NON_LITERAL_NULL_CONVERSION = YES;
				CLANG_WARN_OBJC_IMPLICIT_RETAIN_SELF = YES;
				CLANG_WARN_OBJC_LITERAL_CONVERSION = YES;
				CLANG_WARN_OBJC_ROOT_CLASS = YES_ERROR;
				CLANG_WARN_QUOTED_INCLUDE_IN_FRAMEWORK_HEADER = YES;
				CLANG_WARN_RANGE_LOOP_ANALYSIS = YES;
				CLANG_WARN_STRICT_PROTOTYPES = YES;
				CLANG_WARN_SUSPICIOUS_MOVE = YES;
				CLANG_WARN_UNGUARDED_AVAILABILITY = YES_AGGRESSIVE;
				CLANG_WARN_UNREACHABLE_CODE = YES;
				CLANG_WARN__DUPLICATE_METHOD_MATCH = YES;
				COPY_PHASE_STRIP = NO;
				DEBUG_INFORMATION_FORMAT = dwarf;
				ENABLE_STRICT_OBJC_MSGSEND = YES;
				ENABLE_TESTABILITY = YES;
				GCC_C_LANGUAGE_STANDARD = gnu11;
				GCC_DYNAMIC_NO_PIC = NO;
				GCC_NO_COMMON_BLOCKS = YES;
				GCC_OPTIMIZATION_LEVEL = 0;
				GCC_PREPROCESSOR_DEFINITIONS = (
					"DEBUG=1",
					"$(inherited)",
				);
				GCC_WARN_64_TO_32_BIT_CONVERSION = YES;
				GCC_WARN_ABOUT_RETURN_TYPE = YES_ERROR;
				GCC_WARN_UNDECLARED_SELECTOR = YES;
				GCC_WARN_UNINITIALIZED_AUTOS = YES_AGGRESSIVE;
				GCC_WARN_UNUSED_FUNCTION = YES;
				GCC_WARN_UNUSED_VARIABLE = YES;
				IPHONEOS_DEPLOYMENT_TARGET = 16.1;
				MTL_ENABLE_DEBUG_INFO = INCLUDE_SOURCE;
				MTL_FAST_MATH = YES;
				ONLY_ACTIVE_ARCH = YES;
				SDKROOT = iphoneos;
				SWIFT_ACTIVE_COMPILATION_CONDITIONS = DEBUG;
				SWIFT_OPTIMIZATION_LEVEL = "-Onone";
			};
			name = Debug;
		};
		A2CED1FF2C087E050092C050 /* Release */ = {
			isa = XCBuildConfiguration;
			buildSettings = {
				ALWAYS_SEARCH_USER_PATHS = NO;
				CLANG_ANALYZER_NONNULL = YES;
				CLANG_ANALYZER_NUMBER_OBJECT_CONVERSION = YES_AGGRESSIVE;
				CLANG_CXX_LANGUAGE_STANDARD = "gnu++20";
				CLANG_ENABLE_MODULES = YES;
				CLANG_ENABLE_OBJC_ARC = YES;
				CLANG_ENABLE_OBJC_WEAK = YES;
				CLANG_WARN_BLOCK_CAPTURE_AUTORELEASING = YES;
				CLANG_WARN_BOOL_CONVERSION = YES;
				CLANG_WARN_COMMA = YES;
				CLANG_WARN_CONSTANT_CONVERSION = YES;
				CLANG_WARN_DEPRECATED_OBJC_IMPLEMENTATIONS = YES;
				CLANG_WARN_DIRECT_OBJC_ISA_USAGE = YES_ERROR;
				CLANG_WARN_DOCUMENTATION_COMMENTS = YES;
				CLANG_WARN_EMPTY_BODY = YES;
				CLANG_WARN_ENUM_CONVERSION = YES;
				CLANG_WARN_INFINITE_RECURSION = YES;
				CLANG_WARN_INT_CONVERSION = YES;
				CLANG_WARN_NON_LITERAL_NULL_CONVERSION = YES;
				CLANG_WARN_OBJC_IMPLICIT_RETAIN_SELF = YES;
				CLANG_WARN_OBJC_LITERAL_CONVERSION = YES;
				CLANG_WARN_OBJC_ROOT_CLASS = YES_ERROR;
				CLANG_WARN_QUOTED_INCLUDE_IN_FRAMEWORK_HEADER = YES;
				CLANG_WARN_RANGE_LOOP_ANALYSIS = YES;
				CLANG_WARN_STRICT_PROTOTYPES = YES;
				CLANG_WARN_SUSPICIOUS_MOVE = YES;
				CLANG_WARN_UNGUARDED_AVAILABILITY = YES_AGGRESSIVE;
				CLANG_WARN_UNREACHABLE_CODE = YES;
				CLANG_WARN__DUPLICATE_METHOD_MATCH = YES;
				COPY_PHASE_STRIP = NO;
				DEBUG_INFORMATION_FORMAT = "dwarf-with-dsym";
				ENABLE_NS_ASSERTIONS = NO;
				ENABLE_STRICT_OBJC_MSGSEND = YES;
				GCC_C_LANGUAGE_STANDARD = gnu11;
				GCC_NO_COMMON_BLOCKS = YES;
				GCC_WARN_64_TO_32_BIT_CONVERSION = YES;
				GCC_WARN_ABOUT_RETURN_TYPE = YES_ERROR;
				GCC_WARN_UNDECLARED_SELECTOR = YES;
				GCC_WARN_UNINITIALIZED_AUTOS = YES_AGGRESSIVE;
				GCC_WARN_UNUSED_FUNCTION = YES;
				GCC_WARN_UNUSED_VARIABLE = YES;
				IPHONEOS_DEPLOYMENT_TARGET = 16.1;
				MTL_ENABLE_DEBUG_INFO = NO;
				MTL_FAST_MATH = YES;
				SDKROOT = iphoneos;
				SWIFT_COMPILATION_MODE = wholemodule;
				SWIFT_OPTIMIZATION_LEVEL = "-O";
				VALIDATE_PRODUCT = YES;
			};
			name = Release;
		};
		A2CED2012C087E050092C050 /* Debug */ = {
			isa = XCBuildConfiguration;
			buildSettings = {
				ASSETCATALOG_COMPILER_APPICON_NAME = AppIcon;
				ASSETCATALOG_COMPILER_GLOBAL_ACCENT_COLOR_NAME = AccentColor;
				CODE_SIGN_STYLE = Automatic;
				CURRENT_PROJECT_VERSION = 1;
				DEVELOPMENT_ASSET_PATHS = "\"TrafficFactory/Preview Content\"";
				DEVELOPMENT_TEAM = H4CARJMF9X;
				ENABLE_PREVIEWS = YES;
				GENERATE_INFOPLIST_FILE = YES;
				INFOPLIST_KEY_UIApplicationSceneManifest_Generation = YES;
				INFOPLIST_KEY_UIApplicationSupportsIndirectInputEvents = YES;
				INFOPLIST_KEY_UILaunchScreen_Generation = YES;
				INFOPLIST_KEY_UISupportedInterfaceOrientations = UIInterfaceOrientationPortrait;
				IPHONEOS_DEPLOYMENT_TARGET = 14.0;
				LD_RUNPATH_SEARCH_PATHS = (
					"$(inherited)",
					"@executable_path/Frameworks",
				);
				MARKETING_VERSION = 1.0;
				PRODUCT_BUNDLE_IDENTIFIER = andrew.TrafficFactory;
				PRODUCT_NAME = "$(TARGET_NAME)";
				SUPPORTED_PLATFORMS = "iphoneos iphonesimulator";
				SUPPORTS_MACCATALYST = NO;
				SUPPORTS_MAC_DESIGNED_FOR_IPHONE_IPAD = NO;
				SWIFT_EMIT_LOC_STRINGS = YES;
				SWIFT_VERSION = 5.0;
				TARGETED_DEVICE_FAMILY = 1;
			};
			name = Debug;
		};
		A2CED2022C087E050092C050 /* Release */ = {
			isa = XCBuildConfiguration;
			buildSettings = {
				ASSETCATALOG_COMPILER_APPICON_NAME = AppIcon;
				ASSETCATALOG_COMPILER_GLOBAL_ACCENT_COLOR_NAME = AccentColor;
				CODE_SIGN_STYLE = Automatic;
				CURRENT_PROJECT_VERSION = 1;
				DEVELOPMENT_ASSET_PATHS = "\"TrafficFactory/Preview Content\"";
				DEVELOPMENT_TEAM = H4CARJMF9X;
				ENABLE_PREVIEWS = YES;
				GENERATE_INFOPLIST_FILE = YES;
				INFOPLIST_KEY_UIApplicationSceneManifest_Generation = YES;
				INFOPLIST_KEY_UIApplicationSupportsIndirectInputEvents = YES;
				INFOPLIST_KEY_UILaunchScreen_Generation = YES;
				INFOPLIST_KEY_UISupportedInterfaceOrientations = UIInterfaceOrientationPortrait;
				IPHONEOS_DEPLOYMENT_TARGET = 14.0;
				LD_RUNPATH_SEARCH_PATHS = (
					"$(inherited)",
					"@executable_path/Frameworks",
				);
				MARKETING_VERSION = 1.0;
				PRODUCT_BUNDLE_IDENTIFIER = andrew.TrafficFactory;
				PRODUCT_NAME = "$(TARGET_NAME)";
				SUPPORTED_PLATFORMS = "iphoneos iphonesimulator";
				SUPPORTS_MACCATALYST = NO;
				SUPPORTS_MAC_DESIGNED_FOR_IPHONE_IPAD = NO;
				SWIFT_EMIT_LOC_STRINGS = YES;
				SWIFT_VERSION = 5.0;
				TARGETED_DEVICE_FAMILY = 1;
			};
			name = Release;
		};
/* End XCBuildConfiguration section */

/* Begin XCConfigurationList section */
		A2CED1ED2C087E030092C050 /* Build configuration list for PBXProject "TrafficFactory" */ = {
			isa = XCConfigurationList;
			buildConfigurations = (
				A2CED1FE2C087E050092C050 /* Debug */,
				A2CED1FF2C087E050092C050 /* Release */,
			);
			defaultConfigurationIsVisible = 0;
			defaultConfigurationName = Release;
		};
		A2CED2002C087E050092C050 /* Build configuration list for PBXNativeTarget "TrafficFactory" */ = {
			isa = XCConfigurationList;
			buildConfigurations = (
				A2CED2012C087E050092C050 /* Debug */,
				A2CED2022C087E050092C050 /* Release */,
			);
			defaultConfigurationIsVisible = 0;
			defaultConfigurationName = Release;
		};
/* End XCConfigurationList section */
	};
	rootObject = A2CED1EA2C087E030092C050 /* Project object */;
}
